
Microsoft Visual Studio Solution File, Format Version 12.00
# Visual Studio 15
VisualStudioVersion = 15.0.27703.2047
MinimumVisualStudioVersion = 10.0.40219.1
Project("{FAE04EC0-301F-11D3-BF4B-00C04F79EFBC}") = "ConsoleShapeApplication", "ConsoleShapeApplication\ConsoleShapeApplication.csproj", "{219FF8AE-A879-4432-8864-5B7635A6C416}"
EndProject
Project("{FAE04EC0-301F-11D3-BF4B-00C04F79EFBC}") = "DesktopShapeApplication", "DesktopShapeApplication\DesktopShapeApplication.csproj", "{409A3206-F578-404E-96DB-E114907703CF}"
EndProject
Project("{FAE04EC0-301F-11D3-BF4B-00C04F79EFBC}") = "ShapeLibrary", "ShapeLibrary\ShapeLibrary.csproj", "{05B71A5E-DA74-4056-AF5D-E0EEFEF8202A}"
EndProject
Global
	GlobalSection(SolutionConfigurationPlatforms) = preSolution
		Debug|Any CPU = Debug|Any CPU
		Release|Any CPU = Release|Any CPU
	EndGlobalSection
	GlobalSection(ProjectConfigurationPlatforms) = postSolution
		{219FF8AE-A879-4432-8864-5B7635A6C416}.Debug|Any CPU.ActiveCfg = Debug|Any CPU
		{219FF8AE-A879-4432-8864-5B7635A6C416}.Debug|Any CPU.Build.0 = Debug|Any CPU
		{219FF8AE-A879-4432-8864-5B7635A6C416}.Release|Any CPU.ActiveCfg = Release|Any CPU
		{219FF8AE-A879-4432-8864-5B7635A6C416}.Release|Any CPU.Build.0 = Release|Any CPU
		{409A3206-F578-404E-96DB-E114907703CF}.Debug|Any CPU.ActiveCfg = Debug|Any CPU
		{409A3206-F578-404E-96DB-E114907703CF}.Debug|Any CPU.Build.0 = Debug|Any CPU
		{409A3206-F578-404E-96DB-E114907703CF}.Release|Any CPU.ActiveCfg = Release|Any CPU
		{409A3206-F578-404E-96DB-E114907703CF}.Release|Any CPU.Build.0 = Release|Any CPU
		{05B71A5E-DA74-4056-AF5D-E0EEFEF8202A}.Debug|Any CPU.ActiveCfg = Debug|Any CPU
		{05B71A5E-DA74-4056-AF5D-E0EEFEF8202A}.Debug|Any CPU.Build.0 = Debug|Any CPU
		{05B71A5E-DA74-4056-AF5D-E0EEFEF8202A}.Release|Any CPU.ActiveCfg = Release|Any CPU
		{05B71A5E-DA74-4056-AF5D-E0EEFEF8202A}.Release|Any CPU.Build.0 = Release|Any CPU
	EndGlobalSection
	GlobalSection(SolutionProperties) = preSolution
		HideSolutionNode = FALSE
	EndGlobalSection
	GlobalSection(ExtensibilityGlobals) = postSolution
		SolutionGuid = {9EC8C596-52A9-456D-9C6A-40EF3C67650B}
	EndGlobalSection
EndGlobal
